// !$*UTF8*$!
{
	archiveVersion = 1;
	classes = {
	};
	objectVersion = 50;
	objects = {

/* Begin PBXBuildFile section */
		5032513723FE4EE50065A07F /* AppDelegate.swift in Sources */ = {isa = PBXBuildFile; fileRef = 5032513623FE4EE50065A07F /* AppDelegate.swift */; };
		5032513923FE4EE50065A07F /* SceneDelegate.swift in Sources */ = {isa = PBXBuildFile; fileRef = 5032513823FE4EE50065A07F /* SceneDelegate.swift */; };
		5032513B23FE4EE50065A07F /* ViewController.swift in Sources */ = {isa = PBXBuildFile; fileRef = 5032513A23FE4EE50065A07F /* ViewController.swift */; };
		5032513E23FE4EE50065A07F /* Main.storyboard in Resources */ = {isa = PBXBuildFile; fileRef = 5032513C23FE4EE50065A07F /* Main.storyboard */; };
		5032514023FE4EE70065A07F /* Assets.xcassets in Resources */ = {isa = PBXBuildFile; fileRef = 5032513F23FE4EE70065A07F /* Assets.xcassets */; };
		5032514323FE4EE70065A07F /* LaunchScreen.storyboard in Resources */ = {isa = PBXBuildFile; fileRef = 5032514123FE4EE70065A07F /* LaunchScreen.storyboard */; };
		5032515523FE57BF0065A07F /* CardCell.swift in Sources */ = {isa = PBXBuildFile; fileRef = 5032515323FE57BF0065A07F /* CardCell.swift */; };
		5032515623FE57BF0065A07F /* CardCell.xib in Resources */ = {isa = PBXBuildFile; fileRef = 5032515423FE57BF0065A07F /* CardCell.xib */; };
		5032515A23FE58E70065A07F /* Card.swift in Sources */ = {isa = PBXBuildFile; fileRef = 5032515923FE58E70065A07F /* Card.swift */; };
		5032515C23FE5C460065A07F /* NetWorking.swift in Sources */ = {isa = PBXBuildFile; fileRef = 5032515B23FE5C460065A07F /* NetWorking.swift */; };
		C264FDC109CDFADE2D212C89 /* Pods_ScryFallSearch.framework in Frameworks */ = {isa = PBXBuildFile; fileRef = CB171F78938F21860E64D5C4 /* Pods_ScryFallSearch.framework */; };
/* End PBXBuildFile section */

/* Begin PBXFileReference section */
		032A249A2D92C7BCCC040C3A /* Pods-ScryFallSearch.debug.xcconfig */ = {isa = PBXFileReference; includeInIndex = 1; lastKnownFileType = text.xcconfig; name = "Pods-ScryFallSearch.debug.xcconfig"; path = "Target Support Files/Pods-ScryFallSearch/Pods-ScryFallSearch.debug.xcconfig"; sourceTree = "<group>"; };
		5032513323FE4EE50065A07F /* ScryFallSearch.app */ = {isa = PBXFileReference; explicitFileType = wrapper.application; includeInIndex = 0; path = ScryFallSearch.app; sourceTree = BUILT_PRODUCTS_DIR; };
		5032513623FE4EE50065A07F /* AppDelegate.swift */ = {isa = PBXFileReference; lastKnownFileType = sourcecode.swift; path = AppDelegate.swift; sourceTree = "<group>"; };
		5032513823FE4EE50065A07F /* SceneDelegate.swift */ = {isa = PBXFileReference; lastKnownFileType = sourcecode.swift; path = SceneDelegate.swift; sourceTree = "<group>"; };
		5032513A23FE4EE50065A07F /* ViewController.swift */ = {isa = PBXFileReference; lastKnownFileType = sourcecode.swift; path = ViewController.swift; sourceTree = "<group>"; };
		5032513D23FE4EE50065A07F /* Base */ = {isa = PBXFileReference; lastKnownFileType = file.storyboard; name = Base; path = Base.lproj/Main.storyboard; sourceTree = "<group>"; };
		5032513F23FE4EE70065A07F /* Assets.xcassets */ = {isa = PBXFileReference; lastKnownFileType = folder.assetcatalog; path = Assets.xcassets; sourceTree = "<group>"; };
		5032514223FE4EE70065A07F /* Base */ = {isa = PBXFileReference; lastKnownFileType = file.storyboard; name = Base; path = Base.lproj/LaunchScreen.storyboard; sourceTree = "<group>"; };
		5032514423FE4EE70065A07F /* Info.plist */ = {isa = PBXFileReference; lastKnownFileType = text.plist.xml; path = Info.plist; sourceTree = "<group>"; };
		5032515323FE57BF0065A07F /* CardCell.swift */ = {isa = PBXFileReference; lastKnownFileType = sourcecode.swift; path = CardCell.swift; sourceTree = "<group>"; };
		5032515423FE57BF0065A07F /* CardCell.xib */ = {isa = PBXFileReference; lastKnownFileType = file.xib; path = CardCell.xib; sourceTree = "<group>"; };
		5032515923FE58E70065A07F /* Card.swift */ = {isa = PBXFileReference; lastKnownFileType = sourcecode.swift; path = Card.swift; sourceTree = "<group>"; };
		5032515B23FE5C460065A07F /* NetWorking.swift */ = {isa = PBXFileReference; lastKnownFileType = sourcecode.swift; path = NetWorking.swift; sourceTree = "<group>"; };
		CB171F78938F21860E64D5C4 /* Pods_ScryFallSearch.framework */ = {isa = PBXFileReference; explicitFileType = wrapper.framework; includeInIndex = 0; path = Pods_ScryFallSearch.framework; sourceTree = BUILT_PRODUCTS_DIR; };
		E14148DC12B2C827923F1771 /* Pods-ScryFallSearch.release.xcconfig */ = {isa = PBXFileReference; includeInIndex = 1; lastKnownFileType = text.xcconfig; name = "Pods-ScryFallSearch.release.xcconfig"; path = "Target Support Files/Pods-ScryFallSearch/Pods-ScryFallSearch.release.xcconfig"; sourceTree = "<group>"; };
/* End PBXFileReference section */

/* Begin PBXFrameworksBuildPhase section */
		5032513023FE4EE50065A07F /* Frameworks */ = {
			isa = PBXFrameworksBuildPhase;
			buildActionMask = 2147483647;
			files = (
				C264FDC109CDFADE2D212C89 /* Pods_ScryFallSearch.framework in Frameworks */,
			);
			runOnlyForDeploymentPostprocessing = 0;
		};
/* End PBXFrameworksBuildPhase section */

/* Begin PBXGroup section */
		5032512A23FE4EE50065A07F = {
			isa = PBXGroup;
			children = (
				5032513523FE4EE50065A07F /* ScryFallSearch */,
				5032513423FE4EE50065A07F /* Products */,
				5B581816308C169AEB497AD3 /* Pods */,
				F0894AB5B135A38D40D3128A /* Frameworks */,
			);
			sourceTree = "<group>";
		};
		5032513423FE4EE50065A07F /* Products */ = {
			isa = PBXGroup;
			children = (
				5032513323FE4EE50065A07F /* ScryFallSearch.app */,
			);
			name = Products;
			sourceTree = "<group>";
		};
		5032513523FE4EE50065A07F /* ScryFallSearch */ = {
			isa = PBXGroup;
			children = (
				5032514D23FE51D20065A07F /* Supporting Files */,
				5032514C23FE51C70065A07F /* Models */,
				5032514B23FE51BE0065A07F /* Controllers */,
				5032514A23FE51B60065A07F /* Views */,
				5032514423FE4EE70065A07F /* Info.plist */,
			);
			path = ScryFallSearch;
			sourceTree = "<group>";
		};
		5032514A23FE51B60065A07F /* Views */ = {
			isa = PBXGroup;
			children = (
				5032515223FE56F90065A07F /* Cells */,
				5032513C23FE4EE50065A07F /* Main.storyboard */,
			);
			path = Views;
			sourceTree = "<group>";
		};
		5032514B23FE51BE0065A07F /* Controllers */ = {
			isa = PBXGroup;
			children = (
				5032513A23FE4EE50065A07F /* ViewController.swift */,
				5032515B23FE5C460065A07F /* NetWorking.swift */,
			);
			path = Controllers;
			sourceTree = "<group>";
		};
		5032514C23FE51C70065A07F /* Models */ = {
			isa = PBXGroup;
			children = (
				5032515923FE58E70065A07F /* Card.swift */,
			);
			path = Models;
			sourceTree = "<group>";
		};
		5032514D23FE51D20065A07F /* Supporting Files */ = {
			isa = PBXGroup;
			children = (
				5032513F23FE4EE70065A07F /* Assets.xcassets */,
				5032514123FE4EE70065A07F /* LaunchScreen.storyboard */,
				5032513823FE4EE50065A07F /* SceneDelegate.swift */,
				5032513623FE4EE50065A07F /* AppDelegate.swift */,
			);
			path = "Supporting Files";
			sourceTree = "<group>";
		};
		5032515223FE56F90065A07F /* Cells */ = {
			isa = PBXGroup;
			children = (
				5032515323FE57BF0065A07F /* CardCell.swift */,
				5032515423FE57BF0065A07F /* CardCell.xib */,
			);
			path = Cells;
			sourceTree = "<group>";
		};
		5B581816308C169AEB497AD3 /* Pods */ = {
			isa = PBXGroup;
			children = (
				032A249A2D92C7BCCC040C3A /* Pods-ScryFallSearch.debug.xcconfig */,
				E14148DC12B2C827923F1771 /* Pods-ScryFallSearch.release.xcconfig */,
			);
			name = Pods;
			path = Pods;
			sourceTree = "<group>";
		};
		F0894AB5B135A38D40D3128A /* Frameworks */ = {
			isa = PBXGroup;
			children = (
				CB171F78938F21860E64D5C4 /* Pods_ScryFallSearch.framework */,
			);
			name = Frameworks;
			sourceTree = "<group>";
		};
/* End PBXGroup section */

/* Begin PBXNativeTarget section */
		5032513223FE4EE50065A07F /* ScryFallSearch */ = {
			isa = PBXNativeTarget;
			buildConfigurationList = 5032514723FE4EE70065A07F /* Build configuration list for PBXNativeTarget "ScryFallSearch" */;
			buildPhases = (
				5613FD8FF6C7AB72254A9E4E /* [CP] Check Pods Manifest.lock */,
				5032512F23FE4EE50065A07F /* Sources */,
				5032513023FE4EE50065A07F /* Frameworks */,
				5032513123FE4EE50065A07F /* Resources */,
				BE9433400D690B63C3687C4F /* [CP] Embed Pods Frameworks */,
			);
			buildRules = (
			);
			dependencies = (
			);
			name = ScryFallSearch;
			productName = ScryFallSearch;
			productReference = 5032513323FE4EE50065A07F /* ScryFallSearch.app */;
			productType = "com.apple.product-type.application";
		};
/* End PBXNativeTarget section */

/* Begin PBXProject section */
		5032512B23FE4EE50065A07F /* Project object */ = {
			isa = PBXProject;
			attributes = {
				LastSwiftUpdateCheck = 1130;
				LastUpgradeCheck = 1130;
				ORGANIZATIONNAME = chulkov;
				TargetAttributes = {
					5032513223FE4EE50065A07F = {
						CreatedOnToolsVersion = 11.3;
					};
				};
			};
			buildConfigurationList = 5032512E23FE4EE50065A07F /* Build configuration list for PBXProject "ScryFallSearch" */;
			compatibilityVersion = "Xcode 9.3";
			developmentRegion = en;
			hasScannedForEncodings = 0;
			knownRegions = (
				en,
				Base,
			);
			mainGroup = 5032512A23FE4EE50065A07F;
			productRefGroup = 5032513423FE4EE50065A07F /* Products */;
			projectDirPath = "";
			projectRoot = "";
			targets = (
				5032513223FE4EE50065A07F /* ScryFallSearch */,
			);
		};
/* End PBXProject section */

/* Begin PBXResourcesBuildPhase section */
		5032513123FE4EE50065A07F /* Resources */ = {
			isa = PBXResourcesBuildPhase;
			buildActionMask = 2147483647;
			files = (
				5032514323FE4EE70065A07F /* LaunchScreen.storyboard in Resources */,
				5032514023FE4EE70065A07F /* Assets.xcassets in Resources */,
				5032515623FE57BF0065A07F /* CardCell.xib in Resources */,
				5032513E23FE4EE50065A07F /* Main.storyboard in Resources */,
			);
			runOnlyForDeploymentPostprocessing = 0;
		};
/* End PBXResourcesBuildPhase section */

/* Begin PBXShellScriptBuildPhase section */
		5613FD8FF6C7AB72254A9E4E /* [CP] Check Pods Manifest.lock */ = {
			isa = PBXShellScriptBuildPhase;
			buildActionMask = 2147483647;
			files = (
			);
			inputFileListPaths = (
			);
			inputPaths = (
				"${PODS_PODFILE_DIR_PATH}/Podfile.lock",
				"${PODS_ROOT}/Manifest.lock",
			);
			name = "[CP] Check Pods Manifest.lock";
			outputFileListPaths = (
			);
			outputPaths = (
				"$(DERIVED_FILE_DIR)/Pods-ScryFallSearch-checkManifestLockResult.txt",
			);
			runOnlyForDeploymentPostprocessing = 0;
			shellPath = /bin/sh;
			shellScript = "diff \"${PODS_PODFILE_DIR_PATH}/Podfile.lock\" \"${PODS_ROOT}/Manifest.lock\" > /dev/null\nif [ $? != 0 ] ; then\n    # print error to STDERR\n    echo \"error: The sandbox is not in sync with the Podfile.lock. Run 'pod install' or update your CocoaPods installation.\" >&2\n    exit 1\nfi\n# This output is used by Xcode 'outputs' to avoid re-running this script phase.\necho \"SUCCESS\" > \"${SCRIPT_OUTPUT_FILE_0}\"\n";
			showEnvVarsInLog = 0;
		};
		BE9433400D690B63C3687C4F /* [CP] Embed Pods Frameworks */ = {
			isa = PBXShellScriptBuildPhase;
			buildActionMask = 2147483647;
			files = (
			);
			inputFileListPaths = (
				"${PODS_ROOT}/Target Support Files/Pods-ScryFallSearch/Pods-ScryFallSearch-frameworks-${CONFIGURATION}-input-files.xcfilelist",
			);
			name = "[CP] Embed Pods Frameworks";
			outputFileListPaths = (
				"${PODS_ROOT}/Target Support Files/Pods-ScryFallSearch/Pods-ScryFallSearch-frameworks-${CONFIGURATION}-output-files.xcfilelist",
			);
			runOnlyForDeploymentPostprocessing = 0;
			shellPath = /bin/sh;
			shellScript = "\"${PODS_ROOT}/Target Support Files/Pods-ScryFallSearch/Pods-ScryFallSearch-frameworks.sh\"\n";
			showEnvVarsInLog = 0;
		};
/* End PBXShellScriptBuildPhase section */

/* Begin PBXSourcesBuildPhase section */
		5032512F23FE4EE50065A07F /* Sources */ = {
			isa = PBXSourcesBuildPhase;
			buildActionMask = 2147483647;
			files = (
				5032515523FE57BF0065A07F /* CardCell.swift in Sources */,
				5032513B23FE4EE50065A07F /* ViewController.swift in Sources */,
				5032515A23FE58E70065A07F /* Card.swift in Sources */,
				5032513723FE4EE50065A07F /* AppDelegate.swift in Sources */,
				5032513923FE4EE50065A07F /* SceneDelegate.swift in Sources */,
				5032515C23FE5C460065A07F /* NetWorking.swift in Sources */,
			);
			runOnlyForDeploymentPostprocessing = 0;
		};
/* End PBXSourcesBuildPhase section */

/* Begin PBXVariantGroup section */
		5032513C23FE4EE50065A07F /* Main.storyboard */ = {
			isa = PBXVariantGroup;
			children = (
				5032513D23FE4EE50065A07F /* Base */,
			);
			name = Main.storyboard;
			sourceTree = "<group>";
		};
		5032514123FE4EE70065A07F /* LaunchScreen.storyboard */ = {
			isa = PBXVariantGroup;
			children = (
				5032514223FE4EE70065A07F /* Base */,
			);
			name = LaunchScreen.storyboard;
			sourceTree = "<group>";
		};
/* End PBXVariantGroup section */

/* Begin XCBuildConfiguration section */
		5032514523FE4EE70065A07F /* Debug */ = {
			isa = XCBuildConfiguration;
			buildSettings = {
				ALWAYS_SEARCH_USER_PATHS = NO;
				CLANG_ANALYZER_NONNULL = YES;
				CLANG_ANALYZER_NUMBER_OBJECT_CONVERSION = YES_AGGRESSIVE;
				CLANG_CXX_LANGUAGE_STANDARD = "gnu++14";
				CLANG_CXX_LIBRARY = "libc++";
				CLANG_ENABLE_MODULES = YES;
				CLANG_ENABLE_OBJC_ARC = YES;
				CLANG_ENABLE_OBJC_WEAK = YES;
				CLANG_WARN_BLOCK_CAPTURE_AUTORELEASING = YES;
				CLANG_WARN_BOOL_CONVERSION = YES;
				CLANG_WARN_COMMA = YES;
				CLANG_WARN_CONSTANT_CONVERSION = YES;
				CLANG_WARN_DEPRECATED_OBJC_IMPLEMENTATIONS = YES;
				CLANG_WARN_DIRECT_OBJC_ISA_USAGE = YES_ERROR;
				CLANG_WARN_DOCUMENTATION_COMMENTS = YES;
				CLANG_WARN_EMPTY_BODY = YES;
				CLANG_WARN_ENUM_CONVERSION = YES;
				CLANG_WARN_INFINITE_RECURSION = YES;
				CLANG_WARN_INT_CONVERSION = YES;
				CLANG_WARN_NON_LITERAL_NULL_CONVERSION = YES;
				CLANG_WARN_OBJC_IMPLICIT_RETAIN_SELF = YES;
				CLANG_WARN_OBJC_LITERAL_CONVERSION = YES;
				CLANG_WARN_OBJC_ROOT_CLASS = YES_ERROR;
				CLANG_WARN_RANGE_LOOP_ANALYSIS = YES;
				CLANG_WARN_STRICT_PROTOTYPES = YES;
				CLANG_WARN_SUSPICIOUS_MOVE = YES;
				CLANG_WARN_UNGUARDED_AVAILABILITY = YES_AGGRESSIVE;
				CLANG_WARN_UNREACHABLE_CODE = YES;
				CLANG_WARN__DUPLICATE_METHOD_MATCH = YES;
				COPY_PHASE_STRIP = NO;
				DEBUG_INFORMATION_FORMAT = dwarf;
				ENABLE_STRICT_OBJC_MSGSEND = YES;
				ENABLE_TESTABILITY = YES;
				GCC_C_LANGUAGE_STANDARD = gnu11;
				GCC_DYNAMIC_NO_PIC = NO;
				GCC_NO_COMMON_BLOCKS = YES;
				GCC_OPTIMIZATION_LEVEL = 0;
				GCC_PREPROCESSOR_DEFINITIONS = (
					"DEBUG=1",
					"$(inherited)",
				);
				GCC_WARN_64_TO_32_BIT_CONVERSION = YES;
				GCC_WARN_ABOUT_RETURN_TYPE = YES_ERROR;
				GCC_WARN_UNDECLARED_SELECTOR = YES;
				GCC_WARN_UNINITIALIZED_AUTOS = YES_AGGRESSIVE;
				GCC_WARN_UNUSED_FUNCTION = YES;
				GCC_WARN_UNUSED_VARIABLE = YES;
				IPHONEOS_DEPLOYMENT_TARGET = 13.2;
				MTL_ENABLE_DEBUG_INFO = INCLUDE_SOURCE;
				MTL_FAST_MATH = YES;
				ONLY_ACTIVE_ARCH = YES;
				SDKROOT = iphoneos;
				SWIFT_ACTIVE_COMPILATION_CONDITIONS = DEBUG;
				SWIFT_OPTIMIZATION_LEVEL = "-Onone";
			};
			name = Debug;
		};
		5032514623FE4EE70065A07F /* Release */ = {
			isa = XCBuildConfiguration;
			buildSettings = {
				ALWAYS_SEARCH_USER_PATHS = NO;
				CLANG_ANALYZER_NONNULL = YES;
				CLANG_ANALYZER_NUMBER_OBJECT_CONVERSION = YES_AGGRESSIVE;
				CLANG_CXX_LANGUAGE_STANDARD = "gnu++14";
				CLANG_CXX_LIBRARY = "libc++";
				CLANG_ENABLE_MODULES = YES;
				CLANG_ENABLE_OBJC_ARC = YES;
				CLANG_ENABLE_OBJC_WEAK = YES;
				CLANG_WARN_BLOCK_CAPTURE_AUTORELEASING = YES;
				CLANG_WARN_BOOL_CONVERSION = YES;
				CLANG_WARN_COMMA = YES;
				CLANG_WARN_CONSTANT_CONVERSION = YES;
				CLANG_WARN_DEPRECATED_OBJC_IMPLEMENTATIONS = YES;
				CLANG_WARN_DIRECT_OBJC_ISA_USAGE = YES_ERROR;
				CLANG_WARN_DOCUMENTATION_COMMENTS = YES;
				CLANG_WARN_EMPTY_BODY = YES;
				CLANG_WARN_ENUM_CONVERSION = YES;
				CLANG_WARN_INFINITE_RECURSION = YES;
				CLANG_WARN_INT_CONVERSION = YES;
				CLANG_WARN_NON_LITERAL_NULL_CONVERSION = YES;
				CLANG_WARN_OBJC_IMPLICIT_RETAIN_SELF = YES;
				CLANG_WARN_OBJC_LITERAL_CONVERSION = YES;
				CLANG_WARN_OBJC_ROOT_CLASS = YES_ERROR;
				CLANG_WARN_RANGE_LOOP_ANALYSIS = YES;
				CLANG_WARN_STRICT_PROTOTYPES = YES;
				CLANG_WARN_SUSPICIOUS_MOVE = YES;
				CLANG_WARN_UNGUARDED_AVAILABILITY = YES_AGGRESSIVE;
				CLANG_WARN_UNREACHABLE_CODE = YES;
				CLANG_WARN__DUPLICATE_METHOD_MATCH = YES;
				COPY_PHASE_STRIP = NO;
				DEBUG_INFORMATION_FORMAT = "dwarf-with-dsym";
				ENABLE_NS_ASSERTIONS = NO;
				ENABLE_STRICT_OBJC_MSGSEND = YES;
				GCC_C_LANGUAGE_STANDARD = gnu11;
				GCC_NO_COMMON_BLOCKS = YES;
				GCC_WARN_64_TO_32_BIT_CONVERSION = YES;
				GCC_WARN_ABOUT_RETURN_TYPE = YES_ERROR;
				GCC_WARN_UNDECLARED_SELECTOR = YES;
				GCC_WARN_UNINITIALIZED_AUTOS = YES_AGGRESSIVE;
				GCC_WARN_UNUSED_FUNCTION = YES;
				GCC_WARN_UNUSED_VARIABLE = YES;
				IPHONEOS_DEPLOYMENT_TARGET = 13.2;
				MTL_ENABLE_DEBUG_INFO = NO;
				MTL_FAST_MATH = YES;
				SDKROOT = iphoneos;
				SWIFT_COMPILATION_MODE = wholemodule;
				SWIFT_OPTIMIZATION_LEVEL = "-O";
				VALIDATE_PRODUCT = YES;
			};
			name = Release;
		};
		5032514823FE4EE70065A07F /* Debug */ = {
			isa = XCBuildConfiguration;
			baseConfigurationReference = 032A249A2D92C7BCCC040C3A /* Pods-ScryFallSearch.debug.xcconfig */;
			buildSettings = {
				ASSETCATALOG_COMPILER_APPICON_NAME = AppIcon;
				CODE_SIGN_STYLE = Automatic;
				DEVELOPMENT_TEAM = Z7KA64TA2D;
				INFOPLIST_FILE = ScryFallSearch/Info.plist;
				LD_RUNPATH_SEARCH_PATHS = (
					"$(inherited)",
					"@executable_path/Frameworks",
				);
				PRODUCT_BUNDLE_IDENTIFIER = com.chlkv.ScryFallSearch;
				PRODUCT_NAME = "$(TARGET_NAME)";
				SWIFT_VERSION = 5.0;
				TARGETED_DEVICE_FAMILY = "1,2";
			};
			name = Debug;
		};
		5032514923FE4EE70065A07F /* Release */ = {
			isa = XCBuildConfiguration;
			baseConfigurationReference = E14148DC12B2C827923F1771 /* Pods-ScryFallSearch.release.xcconfig */;
			buildSettings = {
				ASSETCATALOG_COMPILER_APPICON_NAME = AppIcon;
				CODE_SIGN_STYLE = Automatic;
				DEVELOPMENT_TEAM = Z7KA64TA2D;
				INFOPLIST_FILE = ScryFallSearch/Info.plist;
				LD_RUNPATH_SEARCH_PATHS = (
					"$(inherited)",
					"@executable_path/Frameworks",
				);
				PRODUCT_BUNDLE_IDENTIFIER = com.chlkv.ScryFallSearch;
				PRODUCT_NAME = "$(TARGET_NAME)";
				SWIFT_VERSION = 5.0;
				TARGETED_DEVICE_FAMILY = "1,2";
			};
			name = Release;
		};
/* End XCBuildConfiguration section */

/* Begin XCConfigurationList section */
		5032512E23FE4EE50065A07F /* Build configuration list for PBXProject "ScryFallSearch" */ = {
			isa = XCConfigurationList;
			buildConfigurations = (
				5032514523FE4EE70065A07F /* Debug */,
				5032514623FE4EE70065A07F /* Release */,
			);
			defaultConfigurationIsVisible = 0;
			defaultConfigurationName = Release;
		};
		5032514723FE4EE70065A07F /* Build configuration list for PBXNativeTarget "ScryFallSearch" */ = {
			isa = XCConfigurationList;
			buildConfigurations = (
				5032514823FE4EE70065A07F /* Debug */,
				5032514923FE4EE70065A07F /* Release */,
			);
			defaultConfigurationIsVisible = 0;
			defaultConfigurationName = Release;
		};
/* End XCConfigurationList section */
	};
	rootObject = 5032512B23FE4EE50065A07F /* Project object */;
}
